{
    "requires": true,
    "lockfileVersion": 1,
    "dependencies": {
        "@mapbox/corslite": {
            "version": "0.0.7",
            "resolved": "https://registry.npmjs.org/@mapbox/corslite/-/corslite-0.0.7.tgz",
            "integrity": "sha1-KfW2oYi6lG5RS98LZAHtT74To54="
        },
        "@mapbox/polyline": {
            "version": "0.2.0",
            "resolved": "https://registry.npmjs.org/@mapbox/polyline/-/polyline-0.2.0.tgz",
            "integrity": "sha1-biWYB0SqIjMflLZFpULALT/P7pc="
        },
        "leaflet": {
            "version": "1.4.0",
            "resolved": "https://registry.npmjs.org/leaflet/-/leaflet-1.4.0.tgz",
            "integrity": "sha512-x9j9tGY1+PDLN9pcWTx9/y6C5nezoTMB8BLK5jTakx+H7bPlnbCHfi9Hjg+Qt36sgDz/cb9lrSpNQXmk45Tvhw=="
        },
        "leaflet-routing-machine": {
            "version": "3.2.12",
            "resolved": "https://registry.npmjs.org/leaflet-routing-machine/-/leaflet-routing-machine-3.2.12.tgz",
            "integrity": "sha512-HLde58G1YtD9xSIzZavJ6BPABZaV1hHeGst8ouhzuxmSC3s32NVtADT+njbIUMW1maHRCrsgTk/E4hz5QH7FrA==",
            "requires": {
                "@mapbox/corslite": "0.0.7",
                "@mapbox/polyline": "^0.2.0",
                "osrm-text-instructions": "^0.13.2"
            }
        },
        "osrm-text-instructions": {
            "version": "0.13.3",
            "resolved": "https://registry.npmjs.org/osrm-text-instructions/-/osrm-text-instructions-0.13.3.tgz",
            "integrity": "sha512-r2T+024RtxM3SWkr5XzNthmgyPWiutfcHsTtQAHszpg9k0iWkyBeUxpzvgQz+IBa3sQYnxV4VF9s3wFNKEeliQ=="
        },
        "vue2-leaflet": {
            "version": "2.1.0",
            "resolved": "https://registry.npmjs.org/vue2-leaflet/-/vue2-leaflet-2.1.0.tgz",
            "integrity": "sha512-QVRwBbIw4BrAeUSJYXvDj8aNn1KOVjxwkkVbX0ySISSe0HeXIOuXgdD63OLf3pTzLXO/+nfOwZ5EI64OU3v06w=="
        },
        "vuetify": {
            "version": "1.5.13",
            "resolved": "https://registry.npmjs.org/vuetify/-/vuetify-1.5.13.tgz",
            "integrity": "sha512-mUOs9znDmMO/A2I117B/ZHyFlwSqkKplhSL8G2EnS+m0rvZv2Uqjo9idOBbdhaJ3A9sJWT6wDUFywEYuuIcu+g=="
        }
    }
}
